lockfileVersion: '9.0'

settings:
  autoInstallPeers: true
  excludeLinksFromLockfile: false

importers:

  .:
    devDependencies:
      '@apst/biome':
        specifier: ~0.3.0
        version: 0.3.0(@biomejs/biome@2.3.8)
      '@apst/tsconfig':
        specifier: ~0.1.3
        version: 0.1.3(typescript@5.9.3)
      '@biomejs/biome':
        specifier: ^2.3.8
        version: 2.3.8
      tsdown:
        specifier: ~0.16.8
        version: 0.16.8(oxc-resolver@11.14.2)(synckit@0.11.11)(typescript@5.9.3)
      typedoc:
        specifier: ~0.28.15
        version: 0.28.15(typescript@5.9.3)
      typedoc-plugin-markdown:
        specifier: ^4.9.0
        version: 4.9.0(typedoc@0.28.15(typescript@5.9.3))
      typescript:
        specifier: ^5.9.3
        version: 5.9.3

  examples/cjs:
    dependencies:
      '@apst/tsdown':
        specifier: workspace:*
        version: link:../../package

  examples/esm:
    dependencies:
      '@apst/tsdown':
        specifier: workspace:*
        version: link:../../package

  examples/iife:
    dependencies:
      '@apst/tsdown':
        specifier: workspace:*
        version: link:../../package

  package:
    dependencies:
      es-toolkit:
        specifier: ^1.42.0
        version: 1.42.0
      oxc-resolver:
        specifier: ^11.14.2
        version: 11.14.2
    devDependencies:
      '@types/node':
        specifier: ^24.10.1
        version: 24.10.1
      tsdown:
        specifier: 0.16.0
        version: 0.16.0(oxc-resolver@11.14.2)(typescript@5.9.3)(unrun@0.2.14(synckit@0.11.11))

packages:

  '@apst/biome@0.3.0':
    resolution: {integrity: sha512-9KSLfR/Ts+YrG5nPboL+aUqMSevKC7TFkouLq/UN4E6kOEORkZY4U8cEA84wUmfjD0kCNxUMOkAoY6Ws/JaK8Q==}
    peerDependencies:
      '@biomejs/biome': ^2.0.0
    peerDependenciesMeta:
      '@biomejs/biome':
        optional: true

  '@apst/tsconfig@0.1.3':
    resolution: {integrity: sha512-uFldxtNOizfWCyZTMwrDPhVvUq5+gwbljIktlSld+bmNNWkUOTuGrT0cLWnGSsbHzQT1T3JxoxNauQjYKz0pqA==}
    peerDependencies:
      typescript: '>=5'
    peerDependenciesMeta:
      typescript:
        optional: true

  '@babel/generator@7.28.5':
    resolution: {integrity: sha512-3EwLFhZ38J4VyIP6WNtt2kUdW9dokXA9Cr4IVIFHuCpZ3H8/YFOl5JjZHisrn1fATPBmKKqXzDFvh9fUwHz6CQ==}
    engines: {node: '>=6.9.0'}

  '@babel/helper-string-parser@7.27.1':
    resolution: {integrity: sha512-qMlSxKbpRlAridDExk92nSobyDdpPijUq2DW6oDnUqd0iOGxmQjyqhMIihI9+zv4LPyZdRje2cavWPbCbWm3eA==}
    engines: {node: '>=6.9.0'}

  '@babel/helper-validator-identifier@7.28.5':
    resolution: {integrity: sha512-qSs4ifwzKJSV39ucNjsvc6WVHs6b7S03sOh2OcHF9UHfVPqWWALUsNUVzhSBiItjRZoLHx7nIarVjqKVusUZ1Q==}
    engines: {node: '>=6.9.0'}

  '@babel/parser@7.28.5':
    resolution: {integrity: sha512-KKBU1VGYR7ORr3At5HAtUQ+TV3SzRCXmA/8OdDZiLDBIZxVyzXuztPjfLd3BV1PRAQGCMWWSHYhL0F8d5uHBDQ==}
    engines: {node: '>=6.0.0'}
    hasBin: true

  '@babel/types@7.28.5':
    resolution: {integrity: sha512-qQ5m48eI/MFLQ5PxQj4PFaprjyCTLI37ElWMmNs0K8Lk3dVeOdNpB3ks8jc7yM5CDmVC73eMVk/trk3fgmrUpA==}
    engines: {node: '>=6.9.0'}

  '@biomejs/biome@2.3.8':
    resolution: {integrity: sha512-Qjsgoe6FEBxWAUzwFGFrB+1+M8y/y5kwmg5CHac+GSVOdmOIqsAiXM5QMVGZJ1eCUCLlPZtq4aFAQ0eawEUuUA==}
    engines: {node: '>=14.21.3'}
    hasBin: true

  '@biomejs/cli-darwin-arm64@2.3.8':
    resolution: {integrity: sha512-HM4Zg9CGQ3txTPflxD19n8MFPrmUAjaC7PQdLkugeeC0cQ+PiVrd7i09gaBS/11QKsTDBJhVg85CEIK9f50Qww==}
    engines: {node: '>=14.21.3'}
    cpu: [arm64]
    os: [darwin]

  '@biomejs/cli-darwin-x64@2.3.8':
    resolution: {integrity: sha512-lUDQ03D7y/qEao7RgdjWVGCu+BLYadhKTm40HkpJIi6kn8LSv5PAwRlew/DmwP4YZ9ke9XXoTIQDO1vAnbRZlA==}
    engines: {node: '>=14.21.3'}
    cpu: [x64]
    os: [darwin]

  '@biomejs/cli-linux-arm64-musl@2.3.8':
    resolution: {integrity: sha512-PShR4mM0sjksUMyxbyPNMxoKFPVF48fU8Qe8Sfx6w6F42verbwRLbz+QiKNiDPRJwUoMG1nPM50OBL3aOnTevA==}
    engines: {node: '>=14.21.3'}
    cpu: [arm64]
    os: [linux]
    libc: [musl]

  '@biomejs/cli-linux-arm64@2.3.8':
    resolution: {integrity: sha512-Uo1OJnIkJgSgF+USx970fsM/drtPcQ39I+JO+Fjsaa9ZdCN1oysQmy6oAGbyESlouz+rzEckLTF6DS7cWse95g==}
    engines: {node: '>=14.21.3'}
    cpu: [arm64]
    os: [linux]
    libc: [glibc]

  '@biomejs/cli-linux-x64-musl@2.3.8':
    resolution: {integrity: sha512-YGLkqU91r1276uwSjiUD/xaVikdxgV1QpsicT0bIA1TaieM6E5ibMZeSyjQ/izBn4tKQthUSsVZacmoJfa3pDA==}
    engines: {node: '>=14.21.3'}
    cpu: [x64]
    os: [linux]
    libc: [musl]

  '@biomejs/cli-linux-x64@2.3.8':
    resolution: {integrity: sha512-QDPMD5bQz6qOVb3kiBui0zKZXASLo0NIQ9JVJio5RveBEFgDgsvJFUvZIbMbUZT3T00M/1wdzwWXk4GIh0KaAw==}
    engines: {node: '>=14.21.3'}
    cpu: [x64]
    os: [linux]
    libc: [glibc]

  '@biomejs/cli-win32-arm64@2.3.8':
    resolution: {integrity: sha512-H4IoCHvL1fXKDrTALeTKMiE7GGWFAraDwBYFquE/L/5r1927Te0mYIGseXi4F+lrrwhSWbSGt5qPFswNoBaCxg==}
    engines: {node: '>=14.21.3'}
    cpu: [arm64]
    os: [win32]

  '@biomejs/cli-win32-x64@2.3.8':
    resolution: {integrity: sha512-RguzimPoZWtBapfKhKjcWXBVI91tiSprqdBYu7tWhgN8pKRZhw24rFeNZTNf6UiBfjCYCi9eFQs/JzJZIhuK4w==}
    engines: {node: '>=14.21.3'}
    cpu: [x64]
    os: [win32]

  '@emnapi/core@1.7.1':
    resolution: {integrity: sha512-o1uhUASyo921r2XtHYOHy7gdkGLge8ghBEQHMWmyJFoXlpU58kIrhhN3w26lpQb6dspetweapMn2CSNwQ8I4wg==}

  '@emnapi/runtime@1.7.1':
    resolution: {integrity: sha512-PVtJr5CmLwYAU9PZDMITZoR5iAOShYREoR45EyyLrbntV50mdePTgUn4AmOw90Ifcj+x2kRjdzr1HP3RrNiHGA==}

  '@emnapi/wasi-threads@1.1.0':
    resolution: {integrity: sha512-WI0DdZ8xFSbgMjR1sFsKABJ/C5OnRrjT06JXbZKexJGrDuPTzZdDYfFlsgcCXCyf+suG5QU2e/y1Wo2V/OapLQ==}

  '@gerrit0/mini-shiki@3.17.0':
    resolution: {integrity: sha512-Bpf6WuFar20ZXL6qU6VpVl4bVQfyyYiX+6O4xrns4nkU3Mr8paeupDbS1HENpcLOYj7pN4Rkd/yCaPA0vQwKww==}

  '@jridgewell/gen-mapping@0.3.13':
    resolution: {integrity: sha512-2kkt/7niJ6MgEPxF0bYdQ6etZaA+fQvDcLKckhy1yIQOzaoKjBBjSj63/aLVjYE3qhRt5dvM+uUyfCg6UKCBbA==}

  '@jridgewell/resolve-uri@3.1.2':
    resolution: {integrity: sha512-bRISgCIjP20/tbWSPWMEi54QVPRZExkuD9lJL+UIxUKtwVJA8wW1Trb1jMs1RFXo1CBTNZ/5hpC9QvmKWdopKw==}
    engines: {node: '>=6.0.0'}

  '@jridgewell/sourcemap-codec@1.5.5':
    resolution: {integrity: sha512-cYQ9310grqxueWbl+WuIUIaiUaDcj7WOq5fVhEljNVgRfOUhY9fy2zTvfoqWsnebh8Sl70VScFbICvJnLKB0Og==}

  '@jridgewell/trace-mapping@0.3.31':
    resolution: {integrity: sha512-zzNR+SdQSDJzc8joaeP8QQoCQr8NuYx2dIIytl1QeBEZHJ9uW6hebsrYgbz8hJwUQao3TWCMtmfV8Nu1twOLAw==}

  '@napi-rs/wasm-runtime@1.0.7':
    resolution: {integrity: sha512-SeDnOO0Tk7Okiq6DbXmmBODgOAb9dp9gjlphokTUxmt8U3liIP1ZsozBahH69j/RJv+Rfs6IwUKHTgQYJ/HBAw==}

  '@napi-rs/wasm-runtime@1.1.0':
    resolution: {integrity: sha512-Fq6DJW+Bb5jaWE69/qOE0D1TUN9+6uWhCeZpdnSBk14pjLcCWR7Q8n49PTSPHazM37JqrsdpEthXy2xn6jWWiA==}

  '@oxc-project/runtime@0.99.0':
    resolution: {integrity: sha512-8iE5/4OK0SLHqWzRxSvI1gjFPmIH6718s8iwkuco95rBZsCZIHq+5wy4lYsASxnH+8FOhbGndiUrcwsVG5i2zw==}
    engines: {node: ^20.19.0 || >=22.12.0}

  '@oxc-project/types@0.96.0':
    resolution: {integrity: sha512-r/xkmoXA0xEpU6UGtn18CNVjXH6erU3KCpCDbpLmbVxBFor1U9MqN5Z2uMmCHJuXjJzlnDR+hWY+yPoLo8oHDw==}

  '@oxc-project/types@0.99.0':
    resolution: {integrity: sha512-LLDEhXB7g1m5J+woRSgfKsFPS3LhR9xRhTeIoEBm5WrkwMxn6eZ0Ld0c0K5eHB57ChZX6I3uSmmLjZ8pcjlRcw==}

  '@oxc-resolver/binding-android-arm-eabi@11.14.2':
    resolution: {integrity: sha512-bTrdE4Z1JcGwPxBOaGbxRbpOHL8/xPVJTTq3/bAZO2euWX0X7uZ+XxsbC+5jUDMhLenqdFokgE1akHEU4xsh6A==}
    cpu: [arm]
    os: [android]

  '@oxc-resolver/binding-android-arm64@11.14.2':
    resolution: {integrity: sha512-bL7/f6YGKUvt/wzpX7ZrHCf1QerotbSG+IIb278AklXuwr6yQdfQHt7KQ8hAWqSYpB2TAbPbAa9HE4wzVyxL9Q==}
    cpu: [arm64]
    os: [android]

  '@oxc-resolver/binding-darwin-arm64@11.14.2':
    resolution: {integrity: sha512-0zhMhqHz/kC6/UzMC4D9mVBz3/M9UTorbaULfHjAW5b8SUC08H01lZ5fR3OzfDbJI0ByLfiQZmbovuR/pJ8Wzg==}
    cpu: [arm64]
    os: [darwin]

  '@oxc-resolver/binding-darwin-x64@11.14.2':
    resolution: {integrity: sha512-kRJBTCQnrGy1mjO+658yMrlGYWEKi6j4JvKt92PRCoeDX0vW4jvzgoJXzZXNxZL1pCY6jIdwsn9u53v4jwpR6g==}
    cpu: [x64]
    os: [darwin]

  '@oxc-resolver/binding-freebsd-x64@11.14.2':
    resolution: {integrity: sha512-lpKiya7qPq5EAV5E16SJbxfhNYRCBZATGngn9mZxR2fMLDVbHISDIP2Br8eWA8M1FBJFsOGgBzxDo+42ySSNZQ==}
    cpu: [x64]
    os: [freebsd]

  '@oxc-resolver/binding-linux-arm-gnueabihf@11.14.2':
    resolution: {integrity: sha512-zRIf49IGs4cE9rwpVM3NxlHWquZpwQLebtc9dY9S+4+B+PSLIP95BrzdRfkspwzWC5DKZsOWpvGQjxQiLoUwGA==}
    cpu: [arm]
    os: [linux]

  '@oxc-resolver/binding-linux-arm-musleabihf@11.14.2':
    resolution: {integrity: sha512-sF1fBrcfwoRkv1pR3Kp6D5MuBeHRPxYuzk9rhaun/50vq5nAMOaomkEm4hBbTSubfU86CoBIEbLUQ+1f7NvUVA==}
    cpu: [arm]
    os: [linux]

  '@oxc-resolver/binding-linux-arm64-gnu@11.14.2':
    resolution: {integrity: sha512-O8iTBqz6oxf1k93Rn6WMGGQYo2jV1K81hq4N/Nke3dHE25EIEg2RKQqMz1dFrvVb2RkvD7QaUTEevbx0Lq+4wQ==}
    cpu: [arm64]
    os: [linux]
    libc: [glibc]

  '@oxc-resolver/binding-linux-arm64-musl@11.14.2':
    resolution: {integrity: sha512-HOfzpS6eUxvdch9UlXCMx2kNJWMNBjUpVJhseqAKDB1dlrfCHgexeLyBX977GLXkq2BtNXKsY3KCryy1QhRSRw==}
    cpu: [arm64]
    os: [linux]
    libc: [musl]

  '@oxc-resolver/binding-linux-ppc64-gnu@11.14.2':
    resolution: {integrity: sha512-0uLG6F2zljUseQAUmlpx/9IdKpiLsSirpmrr8/aGVfiEurIJzC/1lo2HQskkM7e0VVOkXg37AjHUDLE23Fi8SA==}
    cpu: [ppc64]
    os: [linux]
    libc: [glibc]

  '@oxc-resolver/binding-linux-riscv64-gnu@11.14.2':
    resolution: {integrity: sha512-Pdh0BH/E0YIK7Qg95IsAfQyU9rAoDoFh50R19zCTNfjSnwsoDMGHjmUc82udSfPo2YMnuxA+/+aglxmLQVSu2Q==}
    cpu: [riscv64]
    os: [linux]
    libc: [glibc]

  '@oxc-resolver/binding-linux-riscv64-musl@11.14.2':
    resolution: {integrity: sha512-3DLQhJ2r53rCH5cudYFqD7nh+Z6ABvld3GjbiqHhT43GMIPw3JcHekC2QunLRNjRr1G544fo1HtjTJz9rCBpyg==}
    cpu: [riscv64]
    os: [linux]
    libc: [musl]

  '@oxc-resolver/binding-linux-s390x-gnu@11.14.2':
    resolution: {integrity: sha512-G5BnAOQ5f+RUG1cvlJ4BvV+P7iKLYBv67snqgcfwD5b2N4UwJj32bt4H5JfolocWy4x3qUjEDWTIjHdE+2uZ9w==}
    cpu: [s390x]
    os: [linux]
    libc: [glibc]

  '@oxc-resolver/binding-linux-x64-gnu@11.14.2':
    resolution: {integrity: sha512-VirQAX2PqKrhWtQGsSDEKlPhbgh3ggjT1sWuxLk4iLFwtyA2tLEPXJNAsG0kfAS2+VSA8OyNq16wRpQlMPZ4yA==}
    cpu: [x64]
    os: [linux]
    libc: [glibc]

  '@oxc-resolver/binding-linux-x64-musl@11.14.2':
    resolution: {integrity: sha512-q4ORcwMkpzu4EhZyka/s2TuH2QklEHAr/mIQBXzu5BACeBJZIFkICp8qrq4XVnkEZ+XhSFTvBECqfMTT/4LSkA==}
    cpu: [x64]
    os: [linux]
    libc: [musl]

  '@oxc-resolver/binding-openharmony-arm64@11.14.2':
    resolution: {integrity: sha512-ZsMIpDCxSFpUM/TwOovX5vZUkV0IukPFnrKTGaeJRuTKXMcJxMiQGCYTwd6y684Y3j55QZqIMkVM9NdCGUX6Kw==}
    cpu: [arm64]
    os: [openharmony]

  '@oxc-resolver/binding-wasm32-wasi@11.14.2':
    resolution: {integrity: sha512-Lvq5ZZNvSjT3Jq/buPFMtp55eNyGlEWsq30tN+yLOfODSo6T6yAJNs6+wXtqu9PiMj4xpVtgXypHtbQ1f+t7kw==}
    engines: {node: '>=14.0.0'}
    cpu: [wasm32]

  '@oxc-resolver/binding-win32-arm64-msvc@11.14.2':
    resolution: {integrity: sha512-7w7WHSLSSmkkYHH52QF7TrO0Z8eaIjRUrre5M56hSWRAZupCRzADZxBVMpDnHobZ8MAa2kvvDEfDbERuOK/avQ==}
    cpu: [arm64]
    os: [win32]

  '@oxc-resolver/binding-win32-ia32-msvc@11.14.2':
    resolution: {integrity: sha512-hIrdlWa6tzqyfuWrxUetURBWHttBS+NMbBrGhCupc54NCXFy2ArB+0JOOaLYiI2ShKL5a3uqB7EWxmjzOuDdPQ==}
    cpu: [ia32]
    os: [win32]

  '@oxc-resolver/binding-win32-x64-msvc@11.14.2':
    resolution: {integrity: sha512-dP9aV6AZRRpg5mlg0eMuTROtttpQwj3AiegNJ/NNmMSjs+0+aLNcgkWRPhskK3vjTsthH4/+kKLpnQhSxdJkNg==}
    cpu: [x64]
    os: [win32]

  '@pkgr/core@0.2.9':
    resolution: {integrity: sha512-QNqXyfVS2wm9hweSYD2O7F0G06uurj9kZ96TRQE5Y9hU7+tgdZwIkbAKc5Ocy1HxEY2kuDQa6cQ1WRs/O5LFKA==}
    engines: {node: ^12.20.0 || ^14.18.0 || >=16.0.0}

  '@quansync/fs@0.1.5':
    resolution: {integrity: sha512-lNS9hL2aS2NZgNW7BBj+6EBl4rOf8l+tQ0eRY6JWCI8jI2kc53gSoqbjojU0OnAWhzoXiOjFyGsHcDGePB3lhA==}

  '@rolldown/binding-android-arm64@1.0.0-beta.46':
    resolution: {integrity: sha512-1nfXUqZ227uKuLw9S12OQZU5z+h+cUOXLW5orntWVxHWvt20pt1PGUcVoIU8ssngKABu0vzHY268kAxuYX24BQ==}
    engines: {node: ^20.19.0 || >=22.12.0}
    cpu: [arm64]
    os: [android]

  '@rolldown/binding-android-arm64@1.0.0-beta.52':
    resolution: {integrity: sha512-MBGIgysimZPqTDcLXI+i9VveijkP5C3EAncEogXhqfax6YXj1Tr2LY3DVuEOMIjWfMPMhtQSPup4fSTAmgjqIw==}
    engines: {node: ^20.19.0 || >=22.12.0}
    cpu: [arm64]
    os: [android]

  '@rolldown/binding-darwin-arm64@1.0.0-beta.46':
    resolution: {integrity: sha512-w4IyumCQkpA3ezZ37COG3mMusFYxjEE8zqCfXZU/qb5k1JMD2kVl0fgJafIbGli27tgelYMweXkJGnlrxSGT9Q==}
    engines: {node: ^20.19.0 || >=22.12.0}
    cpu: [arm64]
    os: [darwin]

  '@rolldown/binding-darwin-arm64@1.0.0-beta.52':
    resolution: {integrity: sha512-MmKeoLnKu1d9j6r19K8B+prJnIZ7u+zQ+zGQ3YHXGnr41rzE3eqQLovlkvoZnRoxDGPA4ps0pGiwXy6YE3lJyg==}
    engines: {node: ^20.19.0 || >=22.12.0}
    cpu: [arm64]
    os: [darwin]

  '@rolldown/binding-darwin-x64@1.0.0-beta.46':
    resolution: {integrity: sha512-9QqaRHPbdAnv306+7nzltq4CktJ49Z4W9ybHLWYxSeDSoOGL4l1QmxjDWoRHrqYEkNr+DWHqqoD4NNHgOk7lKw==}
    engines: {node: ^20.19.0 || >=22.12.0}
    cpu: [x64]
    os: [darwin]

  '@rolldown/binding-darwin-x64@1.0.0-beta.52':
    resolution: {integrity: sha512-qpHedvQBmIjT8zdnjN3nWPR2qjQyJttbXniCEKKdHeAbZG9HyNPBUzQF7AZZGwmS9coQKL+hWg9FhWzh2dZ2IA==}
    engines: {node: ^20.19.0 || >=22.12.0}
    cpu: [x64]
    os: [darwin]

  '@rolldown/binding-freebsd-x64@1.0.0-beta.46':
    resolution: {integrity: sha512-Cuk5opdEMb+Evi7QcGArc4hWVoHSGz/qyUUWLTpFJWjylb8wH1u4f+HZE6gVGACuf4w/5P/VhAIamHyweAbBVQ==}
    engines: {node: ^20.19.0 || >=22.12.0}
    cpu: [x64]
    os: [freebsd]

  '@rolldown/binding-freebsd-x64@1.0.0-beta.52':
    resolution: {integrity: sha512-dDp7WbPapj/NVW0LSiH/CLwMhmLwwKb3R7mh2kWX+QW85X1DGVnIEyKh9PmNJjB/+suG1dJygdtdNPVXK1hylg==}
    engines: {node: ^20.19.0 || >=22.12.0}
    cpu: [x64]
    os: [freebsd]

  '@rolldown/binding-linux-arm-gnueabihf@1.0.0-beta.46':
    resolution: {integrity: sha512-BPWDxEnxb4JNMXrSmPuc5ywI6cHOELofmT0e/WGkbL1MwKYRVvqTf+gMcGLF6zAV+OF5hLYMAEk8XKfao6xmDQ==}
    engines: {node: ^20.19.0 || >=22.12.0}
    cpu: [arm]
    os: [linux]

  '@rolldown/binding-linux-arm-gnueabihf@1.0.0-beta.52':
    resolution: {integrity: sha512-9e4l6vy5qNSliDPqNfR6CkBOAx6PH7iDV4OJiEJzajajGrVy8gc/IKKJUsoE52G8ud8MX6r3PMl97NfwgOzB7g==}
    engines: {node: ^20.19.0 || >=22.12.0}
    cpu: [arm]
    os: [linux]

  '@rolldown/binding-linux-arm64-gnu@1.0.0-beta.46':
    resolution: {integrity: sha512-CDQSVlryuRC955EwgbBK1h/6xQyttSxQG8+6/PeOfvUlfKGPMbBdcsOEHzGve5ED1Y7Ovh2UFjY/eT106aQqig==}
    engines: {node: ^20.19.0 || >=22.12.0}
    cpu: [arm64]
    os: [linux]
    libc: [glibc]

  '@rolldown/binding-linux-arm64-gnu@1.0.0-beta.52':
    resolution: {integrity: sha512-V48oDR84feRU2KRuzpALp594Uqlx27+zFsT6+BgTcXOtu7dWy350J1G28ydoCwKB+oxwsRPx2e7aeQnmd3YJbQ==}
    engines: {node: ^20.19.0 || >=22.12.0}
    cpu: [arm64]
    os: [linux]
    libc: [glibc]

  '@rolldown/binding-linux-arm64-musl@1.0.0-beta.46':
    resolution: {integrity: sha512-6IZHycZetmVaC9zwcl1aA9fPYPuxLa5apALjJRoJu/2BZdER3zBWxDnCzlEh4SUlo++cwdfV9ZQRK9JS8cLNuA==}
    engines: {node: ^20.19.0 || >=22.12.0}
    cpu: [arm64]
    os: [linux]
    libc: [musl]

  '@rolldown/binding-linux-arm64-musl@1.0.0-beta.52':
    resolution: {integrity: sha512-ENLmSQCWqSA/+YN45V2FqTIemg7QspaiTjlm327eUAMeOLdqmSOVVyrQexJGNTQ5M8sDYCgVAig2Kk01Ggmqaw==}
    engines: {node: ^20.19.0 || >=22.12.0}
    cpu: [arm64]
    os: [linux]
    libc: [musl]

  '@rolldown/binding-linux-x64-gnu@1.0.0-beta.46':
    resolution: {integrity: sha512-R/kI8fMnsxXvWzcMv5A408hfvrwtAwD/HdQKIE1HKWmfxdSHB11Y3PVwlnt7RVo7I++6mWCIxxj5o3gut4ibEw==}
    engines: {node: ^20.19.0 || >=22.12.0}
    cpu: [x64]
    os: [linux]
    libc: [glibc]

  '@rolldown/binding-linux-x64-gnu@1.0.0-beta.52':
    resolution: {integrity: sha512-klahlb2EIFltSUubn/VLjuc3qxp1E7th8ukayPfdkcKvvYcQ5rJztgx8JsJSuAKVzKtNTqUGOhy4On71BuyV8g==}
    engines: {node: ^20.19.0 || >=22.12.0}
    cpu: [x64]
    os: [linux]
    libc: [glibc]

  '@rolldown/binding-linux-x64-musl@1.0.0-beta.46':
    resolution: {integrity: sha512-vGUXKuHGUlG2XBwvN4A8KIegeaVVxN2ZxdGG9thycwRkzUvZ9ccKvqUVZM8cVRyNRWgVgsGCS18qLUefVplwKw==}
    engines: {node: ^20.19.0 || >=22.12.0}
    cpu: [x64]
    os: [linux]
    libc: [musl]

  '@rolldown/binding-linux-x64-musl@1.0.0-beta.52':
    resolution: {integrity: sha512-UuA+JqQIgqtkgGN2c/AQ5wi8M6mJHrahz/wciENPTeI6zEIbbLGoth5XN+sQe2pJDejEVofN9aOAp0kaazwnVg==}
    engines: {node: ^20.19.0 || >=22.12.0}
    cpu: [x64]
    os: [linux]
    libc: [musl]

  '@rolldown/binding-openharmony-arm64@1.0.0-beta.46':
    resolution: {integrity: sha512-6SpDGH+0Dud3/RFDoC6fva6+Cm/0COnMRKR8kI4ssHWlCXPymlM59kYFCIBLZZqwURpNVVMPln4rWjxXuwD23w==}
    engines: {node: ^20.19.0 || >=22.12.0}
    cpu: [arm64]
    os: [openharmony]

  '@rolldown/binding-openharmony-arm64@1.0.0-beta.52':
    resolution: {integrity: sha512-1BNQW8u4ro8bsN1+tgKENJiqmvc+WfuaUhXzMImOVSMw28pkBKdfZtX2qJPADV3terx+vNJtlsgSGeb3+W6Jiw==}
    engines: {node: ^20.19.0 || >=22.12.0}
    cpu: [arm64]
    os: [openharmony]

  '@rolldown/binding-wasm32-wasi@1.0.0-beta.46':
    resolution: {integrity: sha512-peWDGp8YUAbTw5RJzr9AuPlTuf2adr+TBNIGF6ysMbobBKuQL41wYfGQlcerXJfLmjnQLf6DU2zTPBTfrS2Y8A==}
    engines: {node: '>=14.0.0'}
    cpu: [wasm32]

  '@rolldown/binding-wasm32-wasi@1.0.0-beta.52':
    resolution: {integrity: sha512-K/p7clhCqJOQpXGykrFaBX2Dp9AUVIDHGc+PtFGBwg7V+mvBTv/tsm3LC3aUmH02H2y3gz4y+nUTQ0MLpofEEg==}
    engines: {node: '>=14.0.0'}
    cpu: [wasm32]

  '@rolldown/binding-win32-arm64-msvc@1.0.0-beta.46':
    resolution: {integrity: sha512-Ydbwg1JCnVbTAuDyKtu3dOuBLgZ6iZsy8p1jMPX/r7LMPnpXnS15GNcmMwa11nyl/M2VjGE1i/MORUTMt8mnRQ==}
    engines: {node: ^20.19.0 || >=22.12.0}
    cpu: [arm64]
    os: [win32]

  '@rolldown/binding-win32-arm64-msvc@1.0.0-beta.52':
    resolution: {integrity: sha512-a4EkXBtnYYsKipjS7QOhEBM4bU5IlR9N1hU+JcVEVeuTiaslIyhWVKsvf7K2YkQHyVAJ+7/A9BtrGqORFcTgng==}
    engines: {node: ^20.19.0 || >=22.12.0}
    cpu: [arm64]
    os: [win32]

  '@rolldown/binding-win32-ia32-msvc@1.0.0-beta.46':
    resolution: {integrity: sha512-XcPZG2uDxEn6G3takXQvi7xWgDiJqdC0N6mubL/giKD4I65zgQtbadwlIR8oDB/erOahZr5IX8cRBVcK3xcvpg==}
    engines: {node: ^20.19.0 || >=22.12.0}
    cpu: [ia32]
    os: [win32]

  '@rolldown/binding-win32-ia32-msvc@1.0.0-beta.52':
    resolution: {integrity: sha512-5ZXcYyd4GxPA6QfbGrNcQjmjbuLGvfz6728pZMsQvGHI+06LT06M6TPtXvFvLgXtexc+OqvFe1yAIXJU1gob/w==}
    engines: {node: ^20.19.0 || >=22.12.0}
    cpu: [ia32]
    os: [win32]

  '@rolldown/binding-win32-x64-msvc@1.0.0-beta.46':
    resolution: {integrity: sha512-VPC+F9S6nllv02aGG+gxHRgpOaOlYBPn94kDe9DCFSLOztf4uYIAkN+tLDlg5OcsOC8XNR5rP49zOfI0PfnHYw==}
    engines: {node: ^20.19.0 || >=22.12.0}
    cpu: [x64]
    os: [win32]

  '@rolldown/binding-win32-x64-msvc@1.0.0-beta.52':
    resolution: {integrity: sha512-tzpnRQXJrSzb8Z9sm97UD3cY0toKOImx+xRKsDLX4zHaAlRXWh7jbaKBePJXEN7gNw7Nm03PBNwphdtA8KSUYQ==}
    engines: {node: ^20.19.0 || >=22.12.0}
    cpu: [x64]
    os: [win32]

  '@rolldown/pluginutils@1.0.0-beta.46':
    resolution: {integrity: sha512-xMNwJo/pHkEP/mhNVnW+zUiJDle6/hxrwO0mfSJuEVRbBfgrJFuUSRoZx/nYUw5pCjrysl9OkNXCkAdih8GCnA==}

  '@rolldown/pluginutils@1.0.0-beta.52':
    resolution: {integrity: sha512-/L0htLJZbaZFL1g9OHOblTxbCYIGefErJjtYOwgl9ZqNx27P3L0SDfjhhHIss32gu5NWgnxuT2a2Hnnv6QGHKA==}

  '@shikijs/engine-oniguruma@3.17.0':
    resolution: {integrity: sha512-flSbHZAiOZDNTrEbULY8DLWavu/TyVu/E7RChpLB4WvKX4iHMfj80C6Hi3TjIWaQtHOW0KC6kzMcuB5TO1hZ8Q==}

  '@shikijs/langs@3.17.0':
    resolution: {integrity: sha512-icmur2n5Ojb+HAiQu6NEcIIJ8oWDFGGEpiqSCe43539Sabpx7Y829WR3QuUW2zjTM4l6V8Sazgb3rrHO2orEAw==}

  '@shikijs/themes@3.17.0':
    resolution: {integrity: sha512-/xEizMHLBmMHwtx4JuOkRf3zwhWD2bmG5BRr0IPjpcWpaq4C3mYEuTk/USAEglN0qPrTwEHwKVpSu/y2jhferA==}

  '@shikijs/types@3.17.0':
    resolution: {integrity: sha512-wjLVfutYWVUnxAjsWEob98xgyaGv0dTEnMZDruU5mRjVN7szcGOfgO+997W2yR6odp+1PtSBNeSITRRTfUzK/g==}

  '@shikijs/vscode-textmate@10.0.2':
    resolution: {integrity: sha512-83yeghZ2xxin3Nj8z1NMd/NCuca+gsYXswywDy5bHvwlWL8tpTQmzGeUuHd9FC3E/SBEMvzJRwWEOz5gGes9Qg==}

  '@tybys/wasm-util@0.10.1':
    resolution: {integrity: sha512-9tTaPJLSiejZKx+Bmog4uSubteqTvFrVrURwkmHixBo0G4seD0zUxp98E1DzUBJxLQ3NPwXrGKDiVjwx/DpPsg==}

  '@types/hast@3.0.4':
    resolution: {integrity: sha512-WPs+bbQw5aCj+x6laNGWLH3wviHtoCv/P3+otBhbOhJgG8qtpdAMlTCxLtsTWA7LH1Oh/bFCHsBn0TPS5m30EQ==}

  '@types/node@24.10.1':
    resolution: {integrity: sha512-GNWcUTRBgIRJD5zj+Tq0fKOJ5XZajIiBroOF0yvj2bSU1WvNdYS/dn9UxwsujGW4JX06dnHyjV2y9rRaybH0iQ==}

  '@types/unist@3.0.3':
    resolution: {integrity: sha512-ko/gIFJRv177XgZsZcBwnqJN5x/Gien8qNOn0D5bQU/zAzVf9Zt3BlcUiLqhV9y4ARk0GbT3tnUiPNgnTXzc/Q==}

  ansis@4.2.0:
    resolution: {integrity: sha512-HqZ5rWlFjGiV0tDm3UxxgNRqsOTniqoKZu0pIAfh7TZQMGuZK+hH0drySty0si0QXj1ieop4+SkSfPZBPPkHig==}
    engines: {node: '>=14'}

  argparse@2.0.1:
    resolution: {integrity: sha512-8+9WqebbFzpX9OR+Wa6O29asIogeRMzcGtAINdpMHHyAg10f05aSFVBbcEqGf/PXw1EjAZ+q2/bEBg3DvurK3Q==}

  ast-kit@2.2.0:
    resolution: {integrity: sha512-m1Q/RaVOnTp9JxPX+F+Zn7IcLYMzM8kZofDImfsKZd8MbR+ikdOzTeztStWqfrqIxZnYWryyI9ePm3NGjnZgGw==}
    engines: {node: '>=20.19.0'}

  balanced-match@1.0.2:
    resolution: {integrity: sha512-3oSeUO0TMV67hN1AmbXsK4yaqU7tjiHlbxRDZOpH0KW9+CeX4bRAaX0Anxt0tx2MrpRpWwQaPwIlISEJhYU5Pw==}

  birpc@2.8.0:
    resolution: {integrity: sha512-Bz2a4qD/5GRhiHSwj30c/8kC8QGj12nNDwz3D4ErQ4Xhy35dsSDvF+RA/tWpjyU0pdGtSDiEk6B5fBGE1qNVhw==}

  brace-expansion@2.0.2:
    resolution: {integrity: sha512-Jt0vHyM+jmUBqojB7E1NIYadt0vI0Qxjxd2TErW94wDz+E2LAm5vKMXXwg6ZZBTHPuUlDgQHKXvjGBdfcF1ZDQ==}

  cac@6.7.14:
    resolution: {integrity: sha512-b6Ilus+c3RrdDk+JhLKUAQfzzgLEPy6wcXqS7f/xe1EETvsDP6GORG7SFuOs6cID5YkqchW/LXZbX5bc8j7ZcQ==}
    engines: {node: '>=8'}

  chokidar@4.0.3:
    resolution: {integrity: sha512-Qgzu8kfBvo+cA4962jnP1KkS6Dop5NS6g7R5LFYJr4b8Ub94PPQXUksCw9PvXoeXPRRddRNC5C1JQUR2SMGtnA==}
    engines: {node: '>= 14.16.0'}

  chokidar@5.0.0:
    resolution: {integrity: sha512-TQMmc3w+5AxjpL8iIiwebF73dRDF4fBIieAqGn9RGCWaEVwQ6Fb2cGe31Yns0RRIzii5goJ1Y7xbMwo1TxMplw==}
    engines: {node: '>= 20.19.0'}

  debug@4.4.3:
    resolution: {integrity: sha512-RGwwWnwQvkVfavKVt22FGLw+xYSdzARwm0ru6DhTVA3umU5hZc28V3kO4stgYryrTlLpuvgI9GiijltAjNbcqA==}
    engines: {node: '>=6.0'}
    peerDependencies:
      supports-color: '*'
    peerDependenciesMeta:
      supports-color:
        optional: true

  defu@6.1.4:
    resolution: {integrity: sha512-mEQCMmwJu317oSz8CwdIOdwf3xMif1ttiM8LTufzc3g6kR+9Pe236twL8j3IYT1F7GfRgGcW6MWxzZjLIkuHIg==}

  diff@8.0.2:
    resolution: {integrity: sha512-sSuxWU5j5SR9QQji/o2qMvqRNYRDOcBTgsJ/DeCf4iSN4gW+gNMXM7wFIP+fdXZxoNiAnHUTGjCr+TSWXdRDKg==}
    engines: {node: '>=0.3.1'}

  dts-resolver@2.1.3:
    resolution: {integrity: sha512-bihc7jPC90VrosXNzK0LTE2cuLP6jr0Ro8jk+kMugHReJVLIpHz/xadeq3MhuwyO4TD4OA3L1Q8pBBFRc08Tsw==}
    engines: {node: '>=20.19.0'}
    peerDependencies:
      oxc-resolver: '>=11.0.0'
    peerDependenciesMeta:
      oxc-resolver:
        optional: true

  empathic@2.0.0:
    resolution: {integrity: sha512-i6UzDscO/XfAcNYD75CfICkmfLedpyPDdozrLMmQc5ORaQcdMoc21OnlEylMIqI7U8eniKrPMxxtj8k0vhmJhA==}
    engines: {node: '>=14'}

  entities@4.5.0:
    resolution: {integrity: sha512-V0hjH4dGPh9Ao5p0MoRY6BVqtwCjhz6vI5LT8AJ55H+4g9/4vbHx1I54fS0XuclLhDHArPQCiMjDxjaL8fPxhw==}
    engines: {node: '>=0.12'}

  es-toolkit@1.42.0:
    resolution: {integrity: sha512-SLHIyY7VfDJBM8clz4+T2oquwTQxEzu263AyhVK4jREOAwJ+8eebaa4wM3nlvnAqhDrMm2EsA6hWHaQsMPQ1nA==}

  fdir@6.5.0:
    resolution: {integrity: sha512-tIbYtZbucOs0BRGqPJkshJUYdL+SDH7dVM8gjy+ERp3WAUjLEFJE+02kanyHtwjWOnwrKYBiwAmM0p4kLJAnXg==}
    engines: {node: '>=12.0.0'}
    peerDependencies:
      picomatch: ^3 || ^4
    peerDependenciesMeta:
      picomatch:
        optional: true

  get-tsconfig@4.13.0:
    resolution: {integrity: sha512-1VKTZJCwBrvbd+Wn3AOgQP/2Av+TfTCOlE4AcRJE72W1ksZXbAx8PPBR9RzgTeSPzlPMHrbANMH3LbltH73wxQ==}

  hookable@5.5.3:
    resolution: {integrity: sha512-Yc+BQe8SvoXH1643Qez1zqLRmbA5rCL+sSmk6TVos0LWVfNIB7PGncdlId77WzLGSIB5KaWgTaNTs2lNVEI6VQ==}

  jiti@2.6.1:
    resolution: {integrity: sha512-ekilCSN1jwRvIbgeg/57YFh8qQDNbwDb9xT/qu2DAHbFFZUicIl4ygVaAvzveMhMVr3LnpSKTNnwt8PoOfmKhQ==}
    hasBin: true

  jsesc@3.1.0:
    resolution: {integrity: sha512-/sM3dO2FOzXjKQhJuo0Q173wf2KOo8t4I8vHy6lF9poUp7bKT0/NHE8fPX23PwfhnykfqnC2xRxOnVw5XuGIaA==}
    engines: {node: '>=6'}
    hasBin: true

  linkify-it@5.0.0:
    resolution: {integrity: sha512-5aHCbzQRADcdP+ATqnDuhhJ/MRIqDkZX5pyjFHRRysS8vZ5AbqGEoFIb6pYHPZ+L/OC2Lc+xT8uHVVR5CAK/wQ==}

  lunr@2.3.9:
    resolution: {integrity: sha512-zTU3DaZaF3Rt9rhN3uBMGQD3dD2/vFQqnvZCDv4dl5iOzq2IZQqTxu90r4E5J+nP70J3ilqVCrbho2eWaeW8Ow==}

  magic-string@0.30.21:
    resolution: {integrity: sha512-vd2F4YUyEXKGcLHoq+TEyCjxueSeHnFxyyjNp80yg0XV4vUhnDer/lvvlqM/arB5bXQN5K2/3oinyCRyx8T2CQ==}

  markdown-it@14.1.0:
    resolution: {integrity: sha512-a54IwgWPaeBCAAsv13YgmALOF1elABB08FxO9i+r4VFk5Vl4pKokRPeX8u5TCgSsPi6ec1otfLjdOpVcgbpshg==}
    hasBin: true

  mdurl@2.0.0:
    resolution: {integrity: sha512-Lf+9+2r+Tdp5wXDXC4PcIBjTDtq4UKjCPMQhKIuzpJNW0b96kVqSwW0bT7FhRSfmAiFYgP+SCRvdrDozfh0U5w==}

  minimatch@9.0.5:
    resolution: {integrity: sha512-G6T0ZX48xgozx7587koeX9Ys2NYy6Gmv//P89sEte9V9whIapMNF4idKxnW2QtCcLiTWlb/wfCabAtAFWhhBow==}
    engines: {node: '>=16 || 14 >=14.17'}

  ms@2.1.3:
    resolution: {integrity: sha512-6FlzubTLZG3J2a/NVCAleEhjzq5oxgHyaCU9yYXvcLsvoVaHJq/s5xXI6/XXP6tz7R9xAOtHnSO/tXtF3WRTlA==}

  obug@2.1.1:
    resolution: {integrity: sha512-uTqF9MuPraAQ+IsnPf366RG4cP9RtUi7MLO1N3KEc+wb0a6yKpeL0lmk2IB1jY5KHPAlTc6T/JRdC/YqxHNwkQ==}

  oxc-resolver@11.14.2:
    resolution: {integrity: sha512-M5fERQKcrCngMZNnk1gRaBbYcqpqXLgMcoqAo7Wpty+KH0I18i03oiy2peUsGJwFaKAEbmo+CtAyhXh08RZ1RA==}

  pathe@2.0.3:
    resolution: {integrity: sha512-WUjGcAqP1gQacoQe+OBJsFA7Ld4DyXuUIjZ5cc75cLHvJ7dtNsTugphxIADwspS+AraAUePCKrSVtPLFj/F88w==}

  picomatch@4.0.3:
    resolution: {integrity: sha512-5gTmgEY/sqK6gFXLIsQNH19lWb4ebPDLA4SdLP7dsWkIXHWlG66oPuVvXSGFPppYZz8ZDZq0dYYrbHfBCVUb1Q==}
    engines: {node: '>=12'}

  punycode.js@2.3.1:
    resolution: {integrity: sha512-uxFIHU0YlHYhDQtV4R9J6a52SLx28BCjT+4ieh7IGbgwVJWO+km431c4yRlREUAsAmt/uMjQUyQHNEPf0M39CA==}
    engines: {node: '>=6'}

  quansync@0.2.11:
    resolution: {integrity: sha512-AifT7QEbW9Nri4tAwR5M/uzpBuqfZf+zwaEM/QkzEjj7NBuFD2rBuy0K3dE+8wltbezDV7JMA0WfnCPYRSYbXA==}

  readdirp@4.1.2:
    resolution: {integrity: sha512-GDhwkLfywWL2s6vEjyhri+eXmfH6j1L7JE27WhqLeYzoh/A3DBaYGEj2H/HFZCn/kMfim73FXxEJTw06WtxQwg==}
    engines: {node: '>= 14.18.0'}

  readdirp@5.0.0:
    resolution: {integrity: sha512-9u/XQ1pvrQtYyMpZe7DXKv2p5CNvyVwzUB6uhLAnQwHMSgKMBR62lc7AHljaeteeHXn11XTAaLLUVZYVZyuRBQ==}
    engines: {node: '>= 20.19.0'}

  resolve-pkg-maps@1.0.0:
    resolution: {integrity: sha512-seS2Tj26TBVOC2NIc2rOe2y2ZO7efxITtLZcGSOnHHNOQ7CkiUBfw0Iw2ck6xkIhPwLhKNLS8BO+hEpngQlqzw==}

  rolldown-plugin-dts@0.17.8:
    resolution: {integrity: sha512-76EEBlhF00yeY6M7VpMkWKI4r9WjuoMiOGey7j4D6zf3m0BR+ZrrY9hvSXdueJ3ljxSLq4DJBKFpX/X9+L7EKw==}
    engines: {node: '>=20.19.0'}
    peerDependencies:
      '@ts-macro/tsc': ^0.3.6
      '@typescript/native-preview': '>=7.0.0-dev.20250601.1'
      rolldown: ^1.0.0-beta.44
      typescript: ^5.0.0
      vue-tsc: ~3.1.0
    peerDependenciesMeta:
      '@ts-macro/tsc':
        optional: true
      '@typescript/native-preview':
        optional: true
      typescript:
        optional: true
      vue-tsc:
        optional: true

  rolldown-plugin-dts@0.18.1:
    resolution: {integrity: sha512-uIgNMix6OI+6bSkw0nw6O+G/ydPRCWKwvvcEyL6gWkVkSFVGWWO23DX4ZYVOqC7w5u2c8uPY9Q74U0QCKvegFA==}
    engines: {node: '>=20.19.0'}
    peerDependencies:
      '@ts-macro/tsc': ^0.3.6
      '@typescript/native-preview': '>=7.0.0-dev.20250601.1'
      rolldown: ^1.0.0-beta.51
      typescript: ^5.0.0
      vue-tsc: ~3.1.0
    peerDependenciesMeta:
      '@ts-macro/tsc':
        optional: true
      '@typescript/native-preview':
        optional: true
      typescript:
        optional: true
      vue-tsc:
        optional: true

  rolldown@1.0.0-beta.46:
    resolution: {integrity: sha512-FYUbq0StVHOjkR/hEJ667Pup3ugeB9odBcbmxU5il9QfT9X2t/FPhkqFYQthbYxD2bKnQyO+2vHTgnmOHwZdeA==}
    engines: {node: ^20.19.0 || >=22.12.0}
    hasBin: true

  rolldown@1.0.0-beta.52:
    resolution: {integrity: sha512-Hbnpljue+JhMJrlOjQ1ixp9me7sUec7OjFvS+A1Qm8k8Xyxmw3ZhxFu7LlSXW1s9AX3POE9W9o2oqCEeR5uDmg==}
    engines: {node: ^20.19.0 || >=22.12.0}
    hasBin: true

  semver@7.7.3:
    resolution: {integrity: sha512-SdsKMrI9TdgjdweUSR9MweHA4EJ8YxHn8DFaDisvhVlUOe4BF1tLD7GAj0lIqWVl+dPb/rExr0Btby5loQm20Q==}
    engines: {node: '>=10'}
    hasBin: true

  synckit@0.11.11:
    resolution: {integrity: sha512-MeQTA1r0litLUf0Rp/iisCaL8761lKAZHaimlbGK4j0HysC4PLfqygQj9srcs0m2RdtDYnF8UuYyKpbjHYp7Jw==}
    engines: {node: ^14.18.0 || >=16.0.0}

  tinyexec@1.0.2:
    resolution: {integrity: sha512-W/KYk+NFhkmsYpuHq5JykngiOCnxeVL8v8dFnqxSD8qEEdRfXk1SDM6JzNqcERbcGYj9tMrDQBYV9cjgnunFIg==}
    engines: {node: '>=18'}

  tinyglobby@0.2.15:
    resolution: {integrity: sha512-j2Zq4NyQYG5XMST4cbs02Ak8iJUdxRM0XI5QyxXuZOzKOINmWurp3smXu3y5wDcJrptwpSjgXHzIQxR0omXljQ==}
    engines: {node: '>=12.0.0'}

  tree-kill@1.2.2:
    resolution: {integrity: sha512-L0Orpi8qGpRG//Nd+H90vFB+3iHnue1zSSGmNOOCh1GLJ7rUKVwV2HvijphGQS2UmhUZewS9VgvxYIdgr+fG1A==}
    hasBin: true

  tsdown@0.16.0:
    resolution: {integrity: sha512-VCqqxT5FbjCmxmLNlOLHiNhu1MBtdvCsk43murvUFloQzQzr/C0FRauWtAw7lAPmS40rZlgocCoTNFqX72WSTg==}
    engines: {node: '>=20.19.0'}
    hasBin: true
    peerDependencies:
      '@arethetypeswrong/core': ^0.18.1
      '@vitejs/devtools': ^0.0.0-alpha.10
      publint: ^0.3.0
      typescript: ^5.0.0
      unplugin-lightningcss: ^0.4.0
      unplugin-unused: ^0.5.0
      unrun: ^0.2.1
    peerDependenciesMeta:
      '@arethetypeswrong/core':
        optional: true
      '@vitejs/devtools':
        optional: true
      publint:
        optional: true
      typescript:
        optional: true
      unplugin-lightningcss:
        optional: true
      unplugin-unused:
        optional: true
      unrun:
        optional: true

  tsdown@0.16.8:
    resolution: {integrity: sha512-6ANw9mgU9kk7SvTBKvpDu/DVJeAFECiLUSeL5M7f5Nm5H97E7ybxmXT4PQ23FySYn32y6OzjoAH/lsWCbGzfLA==}
    engines: {node: '>=20.19.0'}
    hasBin: true
    peerDependencies:
      '@arethetypeswrong/core': ^0.18.1
      '@vitejs/devtools': ^0.0.0-alpha.18
      publint: ^0.3.0
      typescript: ^5.0.0
      unplugin-lightningcss: ^0.4.0
      unplugin-unused: ^0.5.0
    peerDependenciesMeta:
      '@arethetypeswrong/core':
        optional: true
      '@vitejs/devtools':
        optional: true
      publint:
        optional: true
      typescript:
        optional: true
      unplugin-lightningcss:
        optional: true
      unplugin-unused:
        optional: true

  tslib@2.8.1:
    resolution: {integrity: sha512-oJFu94HQb+KVduSUQL7wnpmqnfmLsOA/nAh6b6EH0wCEoK0/mPeXU6c3wKDV83MkOuHPRHtSXKKU99IBazS/2w==}

  typedoc-plugin-markdown@4.9.0:
    resolution: {integrity: sha512-9Uu4WR9L7ZBgAl60N/h+jqmPxxvnC9nQAlnnO/OujtG2ubjnKTVUFY1XDhcMY+pCqlX3N2HsQM2QTYZIU9tJuw==}
    engines: {node: '>= 18'}
    peerDependencies:
      typedoc: 0.28.x

  typedoc@0.28.15:
    resolution: {integrity: sha512-mw2/2vTL7MlT+BVo43lOsufkkd2CJO4zeOSuWQQsiXoV2VuEn7f6IZp2jsUDPmBMABpgR0R5jlcJ2OGEFYmkyg==}
    engines: {node: '>= 18', pnpm: '>= 10'}
    hasBin: true
    peerDependencies:
      typescript: 5.0.x || 5.1.x || 5.2.x || 5.3.x || 5.4.x || 5.5.x || 5.6.x || 5.7.x || 5.8.x || 5.9.x

  typescript@5.9.3:
    resolution: {integrity: sha512-jl1vZzPDinLr9eUt3J/t7V6FgNEw9QjvBPdysz9KfQDD41fQrC2Y4vKQdiaUpFT4bXlb1RHhLpp8wtm6M5TgSw==}
    engines: {node: '>=14.17'}
    hasBin: true

  uc.micro@2.1.0:
    resolution: {integrity: sha512-ARDJmphmdvUk6Glw7y9DQ2bFkKBHwQHLi2lsaH6PPmz/Ka9sFOBsBluozhDltWmnv9u/cF6Rt87znRTPV+yp/A==}

  unconfig-core@7.4.1:
    resolution: {integrity: sha512-Bp/bPZjV2Vl/fofoA2OYLSnw1Z0MOhCX7zHnVCYrazpfZvseBbGhwcNQMxsg185Mqh7VZQqK3C8hFG/Dyng+yA==}

  unconfig@7.4.1:
    resolution: {integrity: sha512-uyQ7LElcGizrOGZyIq9KU+xkuEjcRf9IpmDTkCSYv5mEeZzrXSj6rb51C0L+WTedsmAoVxW9WKrLWhSwebIM9Q==}

  undici-types@7.16.0:
    resolution: {integrity: sha512-Zz+aZWSj8LE6zoxD+xrjh4VfkIG8Ya6LvYkZqtUQGJPZjYl53ypCaUwWqo7eI0x66KBGeRo+mlBEkMSeSZ38Nw==}

  unrun@0.2.14:
    resolution: {integrity: sha512-lCv3zOqMpm+GKztgHfR/nGBXd2ZAw0Kr1/DO95l4b2Lspw6bccTUcQMgwnXZsV4JK81IRptJqxa4je5h7BU50Q==}
    engines: {node: '>=20.19.0'}
    hasBin: true
    peerDependencies:
      synckit: ^0.11.11
    peerDependenciesMeta:
      synckit:
        optional: true

  yaml@2.8.1:
    resolution: {integrity: sha512-lcYcMxX2PO9XMGvAJkJ3OsNMw+/7FKes7/hgerGUYWIoWu5j/+YQqcZr5JnPZWzOsEBgMbSbiSTn/dv/69Mkpw==}
    engines: {node: '>= 14.6'}
    hasBin: true

snapshots:

  '@apst/biome@0.3.0(@biomejs/biome@2.3.8)':
    optionalDependencies:
      '@biomejs/biome': 2.3.8

  '@apst/tsconfig@0.1.3(typescript@5.9.3)':
    optionalDependencies:
      typescript: 5.9.3

  '@babel/generator@7.28.5':
    dependencies:
      '@babel/parser': 7.28.5
      '@babel/types': 7.28.5
      '@jridgewell/gen-mapping': 0.3.13
      '@jridgewell/trace-mapping': 0.3.31
      jsesc: 3.1.0

  '@babel/helper-string-parser@7.27.1': {}

  '@babel/helper-validator-identifier@7.28.5': {}

  '@babel/parser@7.28.5':
    dependencies:
      '@babel/types': 7.28.5

  '@babel/types@7.28.5':
    dependencies:
      '@babel/helper-string-parser': 7.27.1
      '@babel/helper-validator-identifier': 7.28.5

  '@biomejs/biome@2.3.8':
    optionalDependencies:
      '@biomejs/cli-darwin-arm64': 2.3.8
      '@biomejs/cli-darwin-x64': 2.3.8
      '@biomejs/cli-linux-arm64': 2.3.8
      '@biomejs/cli-linux-arm64-musl': 2.3.8
      '@biomejs/cli-linux-x64': 2.3.8
      '@biomejs/cli-linux-x64-musl': 2.3.8
      '@biomejs/cli-win32-arm64': 2.3.8
      '@biomejs/cli-win32-x64': 2.3.8

  '@biomejs/cli-darwin-arm64@2.3.8':
    optional: true

  '@biomejs/cli-darwin-x64@2.3.8':
    optional: true

  '@biomejs/cli-linux-arm64-musl@2.3.8':
    optional: true

  '@biomejs/cli-linux-arm64@2.3.8':
    optional: true

  '@biomejs/cli-linux-x64-musl@2.3.8':
    optional: true

  '@biomejs/cli-linux-x64@2.3.8':
    optional: true

  '@biomejs/cli-win32-arm64@2.3.8':
    optional: true

  '@biomejs/cli-win32-x64@2.3.8':
    optional: true

  '@emnapi/core@1.7.1':
    dependencies:
      '@emnapi/wasi-threads': 1.1.0
      tslib: 2.8.1
    optional: true

  '@emnapi/runtime@1.7.1':
    dependencies:
      tslib: 2.8.1
    optional: true

  '@emnapi/wasi-threads@1.1.0':
    dependencies:
      tslib: 2.8.1
    optional: true

  '@gerrit0/mini-shiki@3.17.0':
    dependencies:
      '@shikijs/engine-oniguruma': 3.17.0
      '@shikijs/langs': 3.17.0
      '@shikijs/themes': 3.17.0
      '@shikijs/types': 3.17.0
      '@shikijs/vscode-textmate': 10.0.2

  '@jridgewell/gen-mapping@0.3.13':
    dependencies:
      '@jridgewell/sourcemap-codec': 1.5.5
      '@jridgewell/trace-mapping': 0.3.31

  '@jridgewell/resolve-uri@3.1.2': {}

  '@jridgewell/sourcemap-codec@1.5.5': {}

  '@jridgewell/trace-mapping@0.3.31':
    dependencies:
      '@jridgewell/resolve-uri': 3.1.2
      '@jridgewell/sourcemap-codec': 1.5.5

  '@napi-rs/wasm-runtime@1.0.7':
    dependencies:
      '@emnapi/core': 1.7.1
      '@emnapi/runtime': 1.7.1
      '@tybys/wasm-util': 0.10.1
    optional: true

  '@napi-rs/wasm-runtime@1.1.0':
    dependencies:
      '@emnapi/core': 1.7.1
      '@emnapi/runtime': 1.7.1
      '@tybys/wasm-util': 0.10.1
    optional: true

  '@oxc-project/runtime@0.99.0': {}

  '@oxc-project/types@0.96.0': {}

  '@oxc-project/types@0.99.0': {}

  '@oxc-resolver/binding-android-arm-eabi@11.14.2':
    optional: true

  '@oxc-resolver/binding-android-arm64@11.14.2':
    optional: true

  '@oxc-resolver/binding-darwin-arm64@11.14.2':
    optional: true

  '@oxc-resolver/binding-darwin-x64@11.14.2':
    optional: true

  '@oxc-resolver/binding-freebsd-x64@11.14.2':
    optional: true

  '@oxc-resolver/binding-linux-arm-gnueabihf@11.14.2':
    optional: true

  '@oxc-resolver/binding-linux-arm-musleabihf@11.14.2':
    optional: true

  '@oxc-resolver/binding-linux-arm64-gnu@11.14.2':
    optional: true

  '@oxc-resolver/binding-linux-arm64-musl@11.14.2':
    optional: true

  '@oxc-resolver/binding-linux-ppc64-gnu@11.14.2':
    optional: true

  '@oxc-resolver/binding-linux-riscv64-gnu@11.14.2':
    optional: true

  '@oxc-resolver/binding-linux-riscv64-musl@11.14.2':
    optional: true

  '@oxc-resolver/binding-linux-s390x-gnu@11.14.2':
    optional: true

  '@oxc-resolver/binding-linux-x64-gnu@11.14.2':
    optional: true

  '@oxc-resolver/binding-linux-x64-musl@11.14.2':
    optional: true

  '@oxc-resolver/binding-openharmony-arm64@11.14.2':
    optional: true

  '@oxc-resolver/binding-wasm32-wasi@11.14.2':
    dependencies:
      '@napi-rs/wasm-runtime': 1.1.0
    optional: true

  '@oxc-resolver/binding-win32-arm64-msvc@11.14.2':
    optional: true

  '@oxc-resolver/binding-win32-ia32-msvc@11.14.2':
    optional: true

  '@oxc-resolver/binding-win32-x64-msvc@11.14.2':
    optional: true

  '@pkgr/core@0.2.9':
    optional: true

  '@quansync/fs@0.1.5':
    dependencies:
      quansync: 0.2.11

  '@rolldown/binding-android-arm64@1.0.0-beta.46':
    optional: true

  '@rolldown/binding-android-arm64@1.0.0-beta.52':
    optional: true

  '@rolldown/binding-darwin-arm64@1.0.0-beta.46':
    optional: true

  '@rolldown/binding-darwin-arm64@1.0.0-beta.52':
    optional: true

  '@rolldown/binding-darwin-x64@1.0.0-beta.46':
    optional: true

  '@rolldown/binding-darwin-x64@1.0.0-beta.52':
    optional: true

  '@rolldown/binding-freebsd-x64@1.0.0-beta.46':
    optional: true

  '@rolldown/binding-freebsd-x64@1.0.0-beta.52':
    optional: true

  '@rolldown/binding-linux-arm-gnueabihf@1.0.0-beta.46':
    optional: true

  '@rolldown/binding-linux-arm-gnueabihf@1.0.0-beta.52':
    optional: true

  '@rolldown/binding-linux-arm64-gnu@1.0.0-beta.46':
    optional: true

  '@rolldown/binding-linux-arm64-gnu@1.0.0-beta.52':
    optional: true

  '@rolldown/binding-linux-arm64-musl@1.0.0-beta.46':
    optional: true

  '@rolldown/binding-linux-arm64-musl@1.0.0-beta.52':
    optional: true

  '@rolldown/binding-linux-x64-gnu@1.0.0-beta.46':
    optional: true

  '@rolldown/binding-linux-x64-gnu@1.0.0-beta.52':
    optional: true

  '@rolldown/binding-linux-x64-musl@1.0.0-beta.46':
    optional: true

  '@rolldown/binding-linux-x64-musl@1.0.0-beta.52':
    optional: true

  '@rolldown/binding-openharmony-arm64@1.0.0-beta.46':
    optional: true

  '@rolldown/binding-openharmony-arm64@1.0.0-beta.52':
    optional: true

  '@rolldown/binding-wasm32-wasi@1.0.0-beta.46':
    dependencies:
      '@napi-rs/wasm-runtime': 1.0.7
    optional: true

  '@rolldown/binding-wasm32-wasi@1.0.0-beta.52':
    dependencies:
      '@napi-rs/wasm-runtime': 1.0.7
    optional: true

  '@rolldown/binding-win32-arm64-msvc@1.0.0-beta.46':
    optional: true

  '@rolldown/binding-win32-arm64-msvc@1.0.0-beta.52':
    optional: true

  '@rolldown/binding-win32-ia32-msvc@1.0.0-beta.46':
    optional: true

  '@rolldown/binding-win32-ia32-msvc@1.0.0-beta.52':
    optional: true

  '@rolldown/binding-win32-x64-msvc@1.0.0-beta.46':
    optional: true

  '@rolldown/binding-win32-x64-msvc@1.0.0-beta.52':
    optional: true

  '@rolldown/pluginutils@1.0.0-beta.46': {}

  '@rolldown/pluginutils@1.0.0-beta.52': {}

  '@shikijs/engine-oniguruma@3.17.0':
    dependencies:
      '@shikijs/types': 3.17.0
      '@shikijs/vscode-textmate': 10.0.2

  '@shikijs/langs@3.17.0':
    dependencies:
      '@shikijs/types': 3.17.0

  '@shikijs/themes@3.17.0':
    dependencies:
      '@shikijs/types': 3.17.0

  '@shikijs/types@3.17.0':
    dependencies:
      '@shikijs/vscode-textmate': 10.0.2
      '@types/hast': 3.0.4

  '@shikijs/vscode-textmate@10.0.2': {}

  '@tybys/wasm-util@0.10.1':
    dependencies:
      tslib: 2.8.1
    optional: true

  '@types/hast@3.0.4':
    dependencies:
      '@types/unist': 3.0.3

  '@types/node@24.10.1':
    dependencies:
      undici-types: 7.16.0

  '@types/unist@3.0.3': {}

  ansis@4.2.0: {}

  argparse@2.0.1: {}

  ast-kit@2.2.0:
    dependencies:
      '@babel/parser': 7.28.5
      pathe: 2.0.3

  balanced-match@1.0.2: {}

  birpc@2.8.0: {}

  brace-expansion@2.0.2:
    dependencies:
      balanced-match: 1.0.2

  cac@6.7.14: {}

  chokidar@4.0.3:
    dependencies:
      readdirp: 4.1.2

  chokidar@5.0.0:
    dependencies:
      readdirp: 5.0.0

  debug@4.4.3:
    dependencies:
      ms: 2.1.3

  defu@6.1.4: {}

  diff@8.0.2: {}

  dts-resolver@2.1.3(oxc-resolver@11.14.2):
    optionalDependencies:
      oxc-resolver: 11.14.2

  empathic@2.0.0: {}

  entities@4.5.0: {}

  es-toolkit@1.42.0: {}

  fdir@6.5.0(picomatch@4.0.3):
    optionalDependencies:
      picomatch: 4.0.3

  get-tsconfig@4.13.0:
    dependencies:
      resolve-pkg-maps: 1.0.0

  hookable@5.5.3: {}

  jiti@2.6.1: {}

  jsesc@3.1.0: {}

  linkify-it@5.0.0:
    dependencies:
      uc.micro: 2.1.0

  lunr@2.3.9: {}

  magic-string@0.30.21:
    dependencies:
      '@jridgewell/sourcemap-codec': 1.5.5

  markdown-it@14.1.0:
    dependencies:
      argparse: 2.0.1
      entities: 4.5.0
      linkify-it: 5.0.0
      mdurl: 2.0.0
      punycode.js: 2.3.1
      uc.micro: 2.1.0

  mdurl@2.0.0: {}

  minimatch@9.0.5:
    dependencies:
      brace-expansion: 2.0.2

  ms@2.1.3: {}

  obug@2.1.1: {}

  oxc-resolver@11.14.2:
    optionalDependencies:
      '@oxc-resolver/binding-android-arm-eabi': 11.14.2
      '@oxc-resolver/binding-android-arm64': 11.14.2
      '@oxc-resolver/binding-darwin-arm64': 11.14.2
      '@oxc-resolver/binding-darwin-x64': 11.14.2
      '@oxc-resolver/binding-freebsd-x64': 11.14.2
      '@oxc-resolver/binding-linux-arm-gnueabihf': 11.14.2
      '@oxc-resolver/binding-linux-arm-musleabihf': 11.14.2
      '@oxc-resolver/binding-linux-arm64-gnu': 11.14.2
      '@oxc-resolver/binding-linux-arm64-musl': 11.14.2
      '@oxc-resolver/binding-linux-ppc64-gnu': 11.14.2
      '@oxc-resolver/binding-linux-riscv64-gnu': 11.14.2
      '@oxc-resolver/binding-linux-riscv64-musl': 11.14.2
      '@oxc-resolver/binding-linux-s390x-gnu': 11.14.2
      '@oxc-resolver/binding-linux-x64-gnu': 11.14.2
      '@oxc-resolver/binding-linux-x64-musl': 11.14.2
      '@oxc-resolver/binding-openharmony-arm64': 11.14.2
      '@oxc-resolver/binding-wasm32-wasi': 11.14.2
      '@oxc-resolver/binding-win32-arm64-msvc': 11.14.2
      '@oxc-resolver/binding-win32-ia32-msvc': 11.14.2
      '@oxc-resolver/binding-win32-x64-msvc': 11.14.2

  pathe@2.0.3: {}

  picomatch@4.0.3: {}

  punycode.js@2.3.1: {}

  quansync@0.2.11: {}

  readdirp@4.1.2: {}

  readdirp@5.0.0: {}

  resolve-pkg-maps@1.0.0: {}

  rolldown-plugin-dts@0.17.8(oxc-resolver@11.14.2)(rolldown@1.0.0-beta.46)(typescript@5.9.3):
    dependencies:
      '@babel/generator': 7.28.5
      '@babel/parser': 7.28.5
      '@babel/types': 7.28.5
      ast-kit: 2.2.0
      birpc: 2.8.0
      dts-resolver: 2.1.3(oxc-resolver@11.14.2)
      get-tsconfig: 4.13.0
      magic-string: 0.30.21
      obug: 2.1.1
      rolldown: 1.0.0-beta.46
    optionalDependencies:
      typescript: 5.9.3
    transitivePeerDependencies:
      - oxc-resolver

  rolldown-plugin-dts@0.18.1(oxc-resolver@11.14.2)(rolldown@1.0.0-beta.52)(typescript@5.9.3):
    dependencies:
      '@babel/generator': 7.28.5
      '@babel/parser': 7.28.5
      '@babel/types': 7.28.5
      ast-kit: 2.2.0
      birpc: 2.8.0
      dts-resolver: 2.1.3(oxc-resolver@11.14.2)
      get-tsconfig: 4.13.0
      magic-string: 0.30.21
      obug: 2.1.1
      rolldown: 1.0.0-beta.52
    optionalDependencies:
      typescript: 5.9.3
    transitivePeerDependencies:
      - oxc-resolver

  rolldown@1.0.0-beta.46:
    dependencies:
      '@oxc-project/types': 0.96.0
      '@rolldown/pluginutils': 1.0.0-beta.46
    optionalDependencies:
      '@rolldown/binding-android-arm64': 1.0.0-beta.46
      '@rolldown/binding-darwin-arm64': 1.0.0-beta.46
      '@rolldown/binding-darwin-x64': 1.0.0-beta.46
      '@rolldown/binding-freebsd-x64': 1.0.0-beta.46
      '@rolldown/binding-linux-arm-gnueabihf': 1.0.0-beta.46
      '@rolldown/binding-linux-arm64-gnu': 1.0.0-beta.46
      '@rolldown/binding-linux-arm64-musl': 1.0.0-beta.46
      '@rolldown/binding-linux-x64-gnu': 1.0.0-beta.46
      '@rolldown/binding-linux-x64-musl': 1.0.0-beta.46
      '@rolldown/binding-openharmony-arm64': 1.0.0-beta.46
      '@rolldown/binding-wasm32-wasi': 1.0.0-beta.46
      '@rolldown/binding-win32-arm64-msvc': 1.0.0-beta.46
      '@rolldown/binding-win32-ia32-msvc': 1.0.0-beta.46
      '@rolldown/binding-win32-x64-msvc': 1.0.0-beta.46

  rolldown@1.0.0-beta.52:
    dependencies:
      '@oxc-project/types': 0.99.0
      '@rolldown/pluginutils': 1.0.0-beta.52
    optionalDependencies:
      '@rolldown/binding-android-arm64': 1.0.0-beta.52
      '@rolldown/binding-darwin-arm64': 1.0.0-beta.52
      '@rolldown/binding-darwin-x64': 1.0.0-beta.52
      '@rolldown/binding-freebsd-x64': 1.0.0-beta.52
      '@rolldown/binding-linux-arm-gnueabihf': 1.0.0-beta.52
      '@rolldown/binding-linux-arm64-gnu': 1.0.0-beta.52
      '@rolldown/binding-linux-arm64-musl': 1.0.0-beta.52
      '@rolldown/binding-linux-x64-gnu': 1.0.0-beta.52
      '@rolldown/binding-linux-x64-musl': 1.0.0-beta.52
      '@rolldown/binding-openharmony-arm64': 1.0.0-beta.52
      '@rolldown/binding-wasm32-wasi': 1.0.0-beta.52
      '@rolldown/binding-win32-arm64-msvc': 1.0.0-beta.52
      '@rolldown/binding-win32-ia32-msvc': 1.0.0-beta.52
      '@rolldown/binding-win32-x64-msvc': 1.0.0-beta.52

  semver@7.7.3: {}

  synckit@0.11.11:
    dependencies:
      '@pkgr/core': 0.2.9
    optional: true

  tinyexec@1.0.2: {}

  tinyglobby@0.2.15:
    dependencies:
      fdir: 6.5.0(picomatch@4.0.3)
      picomatch: 4.0.3

  tree-kill@1.2.2: {}

  tsdown@0.16.0(oxc-resolver@11.14.2)(typescript@5.9.3)(unrun@0.2.14(synckit@0.11.11)):
    dependencies:
      ansis: 4.2.0
      cac: 6.7.14
      chokidar: 4.0.3
      debug: 4.4.3
      diff: 8.0.2
      empathic: 2.0.0
      hookable: 5.5.3
      rolldown: 1.0.0-beta.46
      rolldown-plugin-dts: 0.17.8(oxc-resolver@11.14.2)(rolldown@1.0.0-beta.46)(typescript@5.9.3)
      semver: 7.7.3
      tinyexec: 1.0.2
      tinyglobby: 0.2.15
      tree-kill: 1.2.2
      unconfig: 7.4.1
    optionalDependencies:
      typescript: 5.9.3
      unrun: 0.2.14(synckit@0.11.11)
    transitivePeerDependencies:
      - '@ts-macro/tsc'
      - '@typescript/native-preview'
      - oxc-resolver
      - supports-color
      - vue-tsc

  tsdown@0.16.8(oxc-resolver@11.14.2)(synckit@0.11.11)(typescript@5.9.3):
    dependencies:
      ansis: 4.2.0
      cac: 6.7.14
      chokidar: 5.0.0
      diff: 8.0.2
      empathic: 2.0.0
      hookable: 5.5.3
      obug: 2.1.1
      rolldown: 1.0.0-beta.52
      rolldown-plugin-dts: 0.18.1(oxc-resolver@11.14.2)(rolldown@1.0.0-beta.52)(typescript@5.9.3)
      semver: 7.7.3
      tinyexec: 1.0.2
      tinyglobby: 0.2.15
      tree-kill: 1.2.2
      unconfig-core: 7.4.1
      unrun: 0.2.14(synckit@0.11.11)
    optionalDependencies:
      typescript: 5.9.3
    transitivePeerDependencies:
      - '@ts-macro/tsc'
      - '@typescript/native-preview'
      - oxc-resolver
      - synckit
      - vue-tsc

  tslib@2.8.1:
    optional: true

  typedoc-plugin-markdown@4.9.0(typedoc@0.28.15(typescript@5.9.3)):
    dependencies:
      typedoc: 0.28.15(typescript@5.9.3)

  typedoc@0.28.15(typescript@5.9.3):
    dependencies:
      '@gerrit0/mini-shiki': 3.17.0
      lunr: 2.3.9
      markdown-it: 14.1.0
      minimatch: 9.0.5
      typescript: 5.9.3
      yaml: 2.8.1

  typescript@5.9.3: {}

  uc.micro@2.1.0: {}

  unconfig-core@7.4.1:
    dependencies:
      '@quansync/fs': 0.1.5
      quansync: 0.2.11

  unconfig@7.4.1:
    dependencies:
      '@quansync/fs': 0.1.5
      defu: 6.1.4
      jiti: 2.6.1
      quansync: 0.2.11
      unconfig-core: 7.4.1

  undici-types@7.16.0: {}

  unrun@0.2.14(synckit@0.11.11):
    dependencies:
      '@oxc-project/runtime': 0.99.0
      rolldown: 1.0.0-beta.52
    optionalDependencies:
      synckit: 0.11.11

  yaml@2.8.1: {}
